
Microsoft Visual Studio Solution File, Format Version 12.00
# Visual Studio Version 16
VisualStudioVersion = 16.0.31205.134
MinimumVisualStudioVersion = 10.0.40219.1
Project("{9A19103F-16F7-4668-BE54-9A1E7A4F7556}") = "Threax.ProcessHelper", "Threax.ProcessHelper\Threax.ProcessHelper.csproj", "{C4D1AC24-0B08-45C8-8FB9-D9780EFA3327}"
EndProject
Project("{9A19103F-16F7-4668-BE54-9A1E7A4F7556}") = "Threax.ProcessHelper.Pwsh", "Threax.ProcessHelper.Pwsh\Threax.ProcessHelper.Pwsh.csproj", "{0B3DBA7B-2712-4CD4-A853-57C1219B228E}"
EndProject
Project("{FAE04EC0-301F-11D3-BF4B-00C04F79EFBC}") = "Threax.ProcessHelper.Tests", "Threax.ProcessHelper.Tests\Threax.ProcessHelper.Tests.csproj", "{D577A8AD-5444-4620-B4D7-A1F08E63C12A}"
EndProject
Global
	GlobalSection(SolutionConfigurationPlatforms) = preSolution
		Debug|Any CPU = Debug|Any CPU
		Release|Any CPU = Release|Any CPU
	EndGlobalSection
	GlobalSection(ProjectConfigurationPlatforms) = postSolution
		{C4D1AC24-0B08-45C8-8FB9-D9780EFA3327}.Debug|Any CPU.ActiveCfg = Debug|Any CPU
		{C4D1AC24-0B08-45C8-8FB9-D9780EFA3327}.Debug|Any CPU.Build.0 = Debug|Any CPU
		{C4D1AC24-0B08-45C8-8FB9-D9780EFA3327}.Release|Any CPU.ActiveCfg = Release|Any CPU
		{C4D1AC24-0B08-45C8-8FB9-D9780EFA3327}.Release|Any CPU.Build.0 = Release|Any CPU
		{0B3DBA7B-2712-4CD4-A853-57C1219B228E}.Debug|Any CPU.ActiveCfg = Debug|Any CPU
		{0B3DBA7B-2712-4CD4-A853-57C1219B228E}.Debug|Any CPU.Build.0 = Debug|Any CPU
		{0B3DBA7B-2712-4CD4-A853-57C1219B228E}.Release|Any CPU.ActiveCfg = Release|Any CPU
		{0B3DBA7B-2712-4CD4-A853-57C1219B228E}.Release|Any CPU.Build.0 = Release|Any CPU
		{D577A8AD-5444-4620-B4D7-A1F08E63C12A}.Debug|Any CPU.ActiveCfg = Debug|Any CPU
		{D577A8AD-5444-4620-B4D7-A1F08E63C12A}.Debug|Any CPU.Build.0 = Debug|Any CPU
		{D577A8AD-5444-4620-B4D7-A1F08E63C12A}.Release|Any CPU.ActiveCfg = Release|Any CPU
		{D577A8AD-5444-4620-B4D7-A1F08E63C12A}.Release|Any CPU.Build.0 = Release|Any CPU
	EndGlobalSection
	GlobalSection(SolutionProperties) = preSolution
		HideSolutionNode = FALSE
	EndGlobalSection
	GlobalSection(ExtensibilityGlobals) = postSolution
		SolutionGuid = {A3DCCF30-80B4-44FB-BE3F-9E2EF594C3C2}
	EndGlobalSection
EndGlobal
